{
  "name": "streaming_asset",
  "version": "0.0.2",
  "lockfileVersion": 1,
  "requires": true,
  "dependencies": {
    "bluebird": {
      "version": "3.5.1",
      "resolved": "https://registry.npmjs.org/bluebird/-/bluebird-3.5.1.tgz",
      "integrity": "sha512-MKiLiV+I1AA596t9w1sQJ8jkiSr5+ZKi0WKrYGUn6d1Fx+Ij4tIj+m2WMQSGczs5jZVxV339chE8iwk6F64wjA=="
    },
    "elasticsearch_api": {
      "version": "github:terascope/elasticsearch_api#3dcc0e0215741632e8ad41c98311a7c1f8b48cbb",
      "requires": {
        "bluebird": "3.5.1",
        "error_parser": "github:terascope/error_parser#8ae70454aa00548af250a2a3abfc294910681121",
        "lodash": "4.17.10",
        "uuid": "3.2.1"
      }
    },
    "error_parser": {
      "version": "github:terascope/error_parser#8ae70454aa00548af250a2a3abfc294910681121",
      "requires": {
        "lodash": "4.17.10"
      }
    },
    "highland": {
      "version": "2.13.0",
      "resolved": "https://registry.npmjs.org/highland/-/highland-2.13.0.tgz",
      "integrity": "sha512-zGZBcgAHPY2Zf9VG9S5IrlcC7CH9ELioXVtp9T5bU2a4fP2zIsA+Y8pV/n/h2lMwbWMHTX0I0xN0ODJ3Pd3aBQ==",
      "requires": {
        "util-deprecate": "1.0.2"
      }
    },
    "lodash": {
      "version": "4.17.10",
      "resolved": "https://registry.npmjs.org/lodash/-/lodash-4.17.10.tgz",
      "integrity": "sha512-UejweD1pDoXu+AD825lWwp4ZGtSwgnpZxb3JDViD7StjQz+Nb/6l093lx4OQ0foGWNRoc19mWy7BzL+UAK2iVg=="
    },
    "rxjs": {
      "version": "5.5.10",
      "resolved": "https://registry.npmjs.org/rxjs/-/rxjs-5.5.10.tgz",
      "integrity": "sha512-SRjimIDUHJkon+2hFo7xnvNC4ZEHGzCRwh9P7nzX3zPkCGFEg/tuElrNR7L/rZMagnK2JeH2jQwPRpmyXyLB6A==",
      "requires": {
        "symbol-observable": "1.0.1"
      }
    },
    "symbol-observable": {
      "version": "1.0.1",
      "resolved": "https://registry.npmjs.org/symbol-observable/-/symbol-observable-1.0.1.tgz",
      "integrity": "sha1-g0D8RwLDEi310iKI+IKD9RPT/dQ="
    },
    "util-deprecate": {
      "version": "1.0.2",
      "resolved": "https://registry.npmjs.org/util-deprecate/-/util-deprecate-1.0.2.tgz",
      "integrity": "sha1-RQ1Nyfpw3nMnYvvS1KKJgUGaDM8="
    },
    "uuid": {
      "version": "3.2.1",
      "resolved": "https://registry.npmjs.org/uuid/-/uuid-3.2.1.tgz",
      "integrity": "sha512-jZnMwlb9Iku/O3smGWvZhauCf6cvvpKi4BKRiliS3cxnI+Gz9j5MEpTz2UFuXiKPJocb7gnsLHwiS05ige5BEA=="
    }
  }
}
