# THIS IS AN AUTOGENERATED FILE. DO NOT EDIT THIS FILE DIRECTLY.
# yarn lockfile v1


auto-bind@^1.2.0:
  version "1.2.0"
  resolved "https://registry.yarnpkg.com/auto-bind/-/auto-bind-1.2.0.tgz#8b7e318aad53d43ba8a8ecaf0066d85d5f798cd6"

bluebird@^3.5.0, bluebird@^3.5.1:
  version "3.5.1"
  resolved "https://registry.yarnpkg.com/bluebird/-/bluebird-3.5.1.tgz#d9551f9de98f1fcda1e683d17ee91a0602ee2eb9"

highland@^3.0.0-beta.6:
  version "3.0.0-beta.6"
  resolved "https://registry.yarnpkg.com/highland/-/highland-3.0.0-beta.6.tgz#09df0897b16a1e59efa5a909613593568b147743"

lodash@^4.17.10, lodash@^4.17.5:
  version "4.17.10"
  resolved "https://registry.yarnpkg.com/lodash/-/lodash-4.17.10.tgz#1b7793cf7259ea38fb3661d4d38b3260af8ae4e7"

teraslice_stream@terascope/teraslice_stream:
  version "1.0.0"
  resolved "https://codeload.github.com/terascope/teraslice_stream/tar.gz/8f4f5fab0655541c033a30fdb8affc51d1fbe2dc"
  dependencies:
    auto-bind "^1.2.0"
    bluebird "^3.5.1"
    highland "^3.0.0-beta.6"
    lodash "^4.17.10"
    uuid "^3.2.1"

uuid@^3.2.1:
  version "3.2.1"
  resolved "https://registry.yarnpkg.com/uuid/-/uuid-3.2.1.tgz#12c528bb9d58d0b9265d9a2f6f0fe8be17ff1f14"
